// !$*UTF8*$!
{
	archiveVersion = 1;
	classes = {
	};
	objectVersion = 46;
	objects = {

/* Begin PBXBuildFile section */
		5A23976F2F893C8CB5D74093 /* Pods_KazakhHistory.framework in Frameworks */ = {isa = PBXBuildFile; fileRef = 0BDEBD6139A3BD2DD71B9D90 /* Pods_KazakhHistory.framework */; };
		5E16721D1CF24AC80081292C /* batyr.JPG in Resources */ = {isa = PBXBuildFile; fileRef = 5E16721C1CF24AC80081292C /* batyr.JPG */; };
		5E16721F1CF25E120081292C /* LeaderboardViewController.swift in Sources */ = {isa = PBXBuildFile; fileRef = 5E16721E1CF25E120081292C /* LeaderboardViewController.swift */; };
		5E1672211CF25E1F0081292C /* SettingsViewController.swift in Sources */ = {isa = PBXBuildFile; fileRef = 5E1672201CF25E1F0081292C /* SettingsViewController.swift */; };
		5E1672231CF2BA3D0081292C /* FontAvenir.swift in Sources */ = {isa = PBXBuildFile; fileRef = 5E1672221CF2BA3D0081292C /* FontAvenir.swift */; };
		5E5C5FCC1D04713A0021DF8A /* GroupView.swift in Sources */ = {isa = PBXBuildFile; fileRef = 5E5C5FCB1D04713A0021DF8A /* GroupView.swift */; };
		5E5C5FCE1D048D5A0021DF8A /* AboutUsViewController.swift in Sources */ = {isa = PBXBuildFile; fileRef = 5E5C5FCD1D048D5A0021DF8A /* AboutUsViewController.swift */; };
		5E7AF9931CF2245000AA99F7 /* UIColor+Tints.swift in Sources */ = {isa = PBXBuildFile; fileRef = 5E7AF9921CF2245000AA99F7 /* UIColor+Tints.swift */; };
		5E7AF9951CF2289000AA99F7 /* QuizViewController.swift in Sources */ = {isa = PBXBuildFile; fileRef = 5E7AF9941CF2289000AA99F7 /* QuizViewController.swift */; };
		5E7AF9971CF22A5600AA99F7 /* OptionCollectionViewCell.swift in Sources */ = {isa = PBXBuildFile; fileRef = 5E7AF9961CF22A5600AA99F7 /* OptionCollectionViewCell.swift */; };
		5ED942301CF1D23800E62B7A /* MenuViewController.swift in Sources */ = {isa = PBXBuildFile; fileRef = 5ED9422F1CF1D23800E62B7A /* MenuViewController.swift */; };
		5ED942361CF1D97E00E62B7A /* bata.png in Resources */ = {isa = PBXBuildFile; fileRef = 5ED942351CF1D97E00E62B7A /* bata.png */; };
		5ED9423D1CF1DB8C00E62B7A /* ArrayExtension.swift in Sources */ = {isa = PBXBuildFile; fileRef = 5ED942391CF1DB8C00E62B7A /* ArrayExtension.swift */; };
		5ED9423E1CF1DB8C00E62B7A /* Every.swift in Sources */ = {isa = PBXBuildFile; fileRef = 5ED9423A1CF1DB8C00E62B7A /* Every.swift */; };
		5ED9423F1CF1DB8C00E62B7A /* NSDateComponentsExtensions.swift in Sources */ = {isa = PBXBuildFile; fileRef = 5ED9423B1CF1DB8C00E62B7A /* NSDateComponentsExtensions.swift */; };
		5ED942401CF1DB8C00E62B7A /* TimerManageableProtocol.swift in Sources */ = {isa = PBXBuildFile; fileRef = 5ED9423C1CF1DB8C00E62B7A /* TimerManageableProtocol.swift */; };
		5ED942421CF1E03B00E62B7A /* logo.png in Resources */ = {isa = PBXBuildFile; fileRef = 5ED942411CF1E03B00E62B7A /* logo.png */; };
		5EE613491CE8C3E300DB046C /* AppDelegate.swift in Sources */ = {isa = PBXBuildFile; fileRef = 5EE613481CE8C3E300DB046C /* AppDelegate.swift */; };
		5EE6134B1CE8C3E300DB046C /* ViewController.swift in Sources */ = {isa = PBXBuildFile; fileRef = 5EE6134A1CE8C3E300DB046C /* ViewController.swift */; };
		5EE6134E1CE8C3E300DB046C /* Main.storyboard in Resources */ = {isa = PBXBuildFile; fileRef = 5EE6134C1CE8C3E300DB046C /* Main.storyboard */; };
		5EE613511CE8C3E300DB046C /* KazakhHistory.xcdatamodeld in Sources */ = {isa = PBXBuildFile; fileRef = 5EE6134F1CE8C3E300DB046C /* KazakhHistory.xcdatamodeld */; };
		5EE613531CE8C3E300DB046C /* Assets.xcassets in Resources */ = {isa = PBXBuildFile; fileRef = 5EE613521CE8C3E300DB046C /* Assets.xcassets */; };
		5EE613561CE8C3E300DB046C /* LaunchScreen.storyboard in Resources */ = {isa = PBXBuildFile; fileRef = 5EE613541CE8C3E300DB046C /* LaunchScreen.storyboard */; };
		5EE613611CE8C3E300DB046C /* KazakhHistoryTests.swift in Sources */ = {isa = PBXBuildFile; fileRef = 5EE613601CE8C3E300DB046C /* KazakhHistoryTests.swift */; };
		5EE6136C1CE8C3E300DB046C /* KazakhHistoryUITests.swift in Sources */ = {isa = PBXBuildFile; fileRef = 5EE6136B1CE8C3E300DB046C /* KazakhHistoryUITests.swift */; };
/* End PBXBuildFile section */

/* Begin PBXContainerItemProxy section */
		5EE6135D1CE8C3E300DB046C /* PBXContainerItemProxy */ = {
			isa = PBXContainerItemProxy;
			containerPortal = 5EE6133D1CE8C3E200DB046C /* Project object */;
			proxyType = 1;
			remoteGlobalIDString = 5EE613441CE8C3E200DB046C;
			remoteInfo = KazakhHistory;
		};
		5EE613681CE8C3E300DB046C /* PBXContainerItemProxy */ = {
			isa = PBXContainerItemProxy;
			containerPortal = 5EE6133D1CE8C3E200DB046C /* Project object */;
			proxyType = 1;
			remoteGlobalIDString = 5EE613441CE8C3E200DB046C;
			remoteInfo = KazakhHistory;
		};
/* End PBXContainerItemProxy section */

/* Begin PBXFileReference section */
		0BDEBD6139A3BD2DD71B9D90 /* Pods_KazakhHistory.framework */ = {isa = PBXFileReference; explicitFileType = wrapper.framework; includeInIndex = 0; path = Pods_KazakhHistory.framework; sourceTree = BUILT_PRODUCTS_DIR; };
		49B40EB48A28492CD1F31CE9 /* Pods-KazakhHistory.release.xcconfig */ = {isa = PBXFileReference; includeInIndex = 1; lastKnownFileType = text.xcconfig; name = "Pods-KazakhHistory.release.xcconfig"; path = "Pods/Target Support Files/Pods-KazakhHistory/Pods-KazakhHistory.release.xcconfig"; sourceTree = "<group>"; };
		5E16721C1CF24AC80081292C /* batyr.JPG */ = {isa = PBXFileReference; lastKnownFileType = image.jpeg; path = batyr.JPG; sourceTree = "<group>"; };
		5E16721E1CF25E120081292C /* LeaderboardViewController.swift */ = {isa = PBXFileReference; fileEncoding = 4; lastKnownFileType = sourcecode.swift; path = LeaderboardViewController.swift; sourceTree = "<group>"; };
		5E1672201CF25E1F0081292C /* SettingsViewController.swift */ = {isa = PBXFileReference; fileEncoding = 4; lastKnownFileType = sourcecode.swift; path = SettingsViewController.swift; sourceTree = "<group>"; };
		5E1672221CF2BA3D0081292C /* FontAvenir.swift */ = {isa = PBXFileReference; fileEncoding = 4; lastKnownFileType = sourcecode.swift; path = FontAvenir.swift; sourceTree = "<group>"; };
		5E5C5FCB1D04713A0021DF8A /* GroupView.swift */ = {isa = PBXFileReference; fileEncoding = 4; lastKnownFileType = sourcecode.swift; path = GroupView.swift; sourceTree = "<group>"; };
		5E5C5FCD1D048D5A0021DF8A /* AboutUsViewController.swift */ = {isa = PBXFileReference; fileEncoding = 4; lastKnownFileType = sourcecode.swift; path = AboutUsViewController.swift; sourceTree = "<group>"; };
		5E7AF9921CF2245000AA99F7 /* UIColor+Tints.swift */ = {isa = PBXFileReference; fileEncoding = 4; lastKnownFileType = sourcecode.swift; path = "UIColor+Tints.swift"; sourceTree = "<group>"; };
		5E7AF9941CF2289000AA99F7 /* QuizViewController.swift */ = {isa = PBXFileReference; fileEncoding = 4; lastKnownFileType = sourcecode.swift; path = QuizViewController.swift; sourceTree = "<group>"; };
		5E7AF9961CF22A5600AA99F7 /* OptionCollectionViewCell.swift */ = {isa = PBXFileReference; fileEncoding = 4; lastKnownFileType = sourcecode.swift; path = OptionCollectionViewCell.swift; sourceTree = "<group>"; };
		5ED9422F1CF1D23800E62B7A /* MenuViewController.swift */ = {isa = PBXFileReference; fileEncoding = 4; lastKnownFileType = sourcecode.swift; path = MenuViewController.swift; sourceTree = "<group>"; };
		5ED942351CF1D97E00E62B7A /* bata.png */ = {isa = PBXFileReference; lastKnownFileType = image.png; path = bata.png; sourceTree = "<group>"; };
		5ED942391CF1DB8C00E62B7A /* ArrayExtension.swift */ = {isa = PBXFileReference; fileEncoding = 4; lastKnownFileType = sourcecode.swift; path = ArrayExtension.swift; sourceTree = "<group>"; };
		5ED9423A1CF1DB8C00E62B7A /* Every.swift */ = {isa = PBXFileReference; fileEncoding = 4; lastKnownFileType = sourcecode.swift; path = Every.swift; sourceTree = "<group>"; };
		5ED9423B1CF1DB8C00E62B7A /* NSDateComponentsExtensions.swift */ = {isa = PBXFileReference; fileEncoding = 4; lastKnownFileType = sourcecode.swift; path = NSDateComponentsExtensions.swift; sourceTree = "<group>"; };
		5ED9423C1CF1DB8C00E62B7A /* TimerManageableProtocol.swift */ = {isa = PBXFileReference; fileEncoding = 4; lastKnownFileType = sourcecode.swift; path = TimerManageableProtocol.swift; sourceTree = "<group>"; };
		5ED942411CF1E03B00E62B7A /* logo.png */ = {isa = PBXFileReference; lastKnownFileType = image.png; path = logo.png; sourceTree = "<group>"; };
		5EE613451CE8C3E200DB046C /* KazakhHistory.app */ = {isa = PBXFileReference; explicitFileType = wrapper.application; includeInIndex = 0; path = KazakhHistory.app; sourceTree = BUILT_PRODUCTS_DIR; };
		5EE613481CE8C3E300DB046C /* AppDelegate.swift */ = {isa = PBXFileReference; lastKnownFileType = sourcecode.swift; path = AppDelegate.swift; sourceTree = "<group>"; };
		5EE6134A1CE8C3E300DB046C /* ViewController.swift */ = {isa = PBXFileReference; lastKnownFileType = sourcecode.swift; path = ViewController.swift; sourceTree = "<group>"; };
		5EE6134D1CE8C3E300DB046C /* Base */ = {isa = PBXFileReference; lastKnownFileType = file.storyboard; name = Base; path = Base.lproj/Main.storyboard; sourceTree = "<group>"; };
		5EE613501CE8C3E300DB046C /* KazakhHistory.xcdatamodel */ = {isa = PBXFileReference; lastKnownFileType = wrapper.xcdatamodel; path = KazakhHistory.xcdatamodel; sourceTree = "<group>"; };
		5EE613521CE8C3E300DB046C /* Assets.xcassets */ = {isa = PBXFileReference; lastKnownFileType = folder.assetcatalog; path = Assets.xcassets; sourceTree = "<group>"; };
		5EE613551CE8C3E300DB046C /* Base */ = {isa = PBXFileReference; lastKnownFileType = file.storyboard; name = Base; path = Base.lproj/LaunchScreen.storyboard; sourceTree = "<group>"; };
		5EE613571CE8C3E300DB046C /* Info.plist */ = {isa = PBXFileReference; lastKnownFileType = text.plist.xml; path = Info.plist; sourceTree = "<group>"; };
		5EE6135C1CE8C3E300DB046C /* KazakhHistoryTests.xctest */ = {isa = PBXFileReference; explicitFileType = wrapper.cfbundle; includeInIndex = 0; path = KazakhHistoryTests.xctest; sourceTree = BUILT_PRODUCTS_DIR; };
		5EE613601CE8C3E300DB046C /* KazakhHistoryTests.swift */ = {isa = PBXFileReference; lastKnownFileType = sourcecode.swift; path = KazakhHistoryTests.swift; sourceTree = "<group>"; };
		5EE613621CE8C3E300DB046C /* Info.plist */ = {isa = PBXFileReference; lastKnownFileType = text.plist.xml; path = Info.plist; sourceTree = "<group>"; };
		5EE613671CE8C3E300DB046C /* KazakhHistoryUITests.xctest */ = {isa = PBXFileReference; explicitFileType = wrapper.cfbundle; includeInIndex = 0; path = KazakhHistoryUITests.xctest; sourceTree = BUILT_PRODUCTS_DIR; };
		5EE6136B1CE8C3E300DB046C /* KazakhHistoryUITests.swift */ = {isa = PBXFileReference; lastKnownFileType = sourcecode.swift; path = KazakhHistoryUITests.swift; sourceTree = "<group>"; };
		5EE6136D1CE8C3E300DB046C /* Info.plist */ = {isa = PBXFileReference; lastKnownFileType = text.plist.xml; path = Info.plist; sourceTree = "<group>"; };
		C180CCB867D6FCC044F1B316 /* Pods-KazakhHistory.debug.xcconfig */ = {isa = PBXFileReference; includeInIndex = 1; lastKnownFileType = text.xcconfig; name = "Pods-KazakhHistory.debug.xcconfig"; path = "Pods/Target Support Files/Pods-KazakhHistory/Pods-KazakhHistory.debug.xcconfig"; sourceTree = "<group>"; };
/* End PBXFileReference section */

/* Begin PBXFrameworksBuildPhase section */
		5EE613421CE8C3E200DB046C /* Frameworks */ = {
			isa = PBXFrameworksBuildPhase;
			buildActionMask = 2147483647;
			files = (
				5A23976F2F893C8CB5D74093 /* Pods_KazakhHistory.framework in Frameworks */,
			);
			runOnlyForDeploymentPostprocessing = 0;
		};
		5EE613591CE8C3E300DB046C /* Frameworks */ = {
			isa = PBXFrameworksBuildPhase;
			buildActionMask = 2147483647;
			files = (
			);
			runOnlyForDeploymentPostprocessing = 0;
		};
		5EE613641CE8C3E300DB046C /* Frameworks */ = {
			isa = PBXFrameworksBuildPhase;
			buildActionMask = 2147483647;
			files = (
			);
			runOnlyForDeploymentPostprocessing = 0;
		};
/* End PBXFrameworksBuildPhase section */

/* Begin PBXGroup section */
		5ED9422B1CF1D05B00E62B7A /* Assets */ = {
			isa = PBXGroup;
			children = (
				5ED942341CF1D97800E62B7A /* Pics */,
				5EE613521CE8C3E300DB046C /* Assets.xcassets */,
				5EE6134C1CE8C3E300DB046C /* Main.storyboard */,
				5EE613541CE8C3E300DB046C /* LaunchScreen.storyboard */,
				5EE613571CE8C3E300DB046C /* Info.plist */,
				5EE6134F1CE8C3E300DB046C /* KazakhHistory.xcdatamodeld */,
			);
			name = Assets;
			sourceTree = "<group>";
		};
		5ED9422C1CF1D07C00E62B7A /* Controllers */ = {
			isa = PBXGroup;
			children = (
				5EE613481CE8C3E300DB046C /* AppDelegate.swift */,
				5EE6134A1CE8C3E300DB046C /* ViewController.swift */,
				5ED9422F1CF1D23800E62B7A /* MenuViewController.swift */,
				5E7AF9941CF2289000AA99F7 /* QuizViewController.swift */,
				5E16721E1CF25E120081292C /* LeaderboardViewController.swift */,
				5E1672201CF25E1F0081292C /* SettingsViewController.swift */,
				5E5C5FCD1D048D5A0021DF8A /* AboutUsViewController.swift */,
			);
			name = Controllers;
			sourceTree = "<group>";
		};
		5ED9422D1CF1D08800E62B7A /* Views */ = {
			isa = PBXGroup;
			children = (
				5E7AF9961CF22A5600AA99F7 /* OptionCollectionViewCell.swift */,
				5E5C5FCB1D04713A0021DF8A /* GroupView.swift */,
			);
			name = Views;
			sourceTree = "<group>";
		};
		5ED9422E1CF1D08F00E62B7A /* Models */ = {
			isa = PBXGroup;
			children = (
			);
			name = Models;
			sourceTree = "<group>";
		};
		5ED942341CF1D97800E62B7A /* Pics */ = {
			isa = PBXGroup;
			children = (
				5E16721C1CF24AC80081292C /* batyr.JPG */,
				5ED942411CF1E03B00E62B7A /* logo.png */,
				5ED942351CF1D97E00E62B7A /* bata.png */,
			);
			name = Pics;
			sourceTree = "<group>";
		};
		5ED942371CF1DB8300E62B7A /* Extensions */ = {
			isa = PBXGroup;
			children = (
				5E7AF9921CF2245000AA99F7 /* UIColor+Tints.swift */,
				5ED942381CF1DB8C00E62B7A /* Every */,
				5E1672221CF2BA3D0081292C /* FontAvenir.swift */,
			);
			name = Extensions;
			sourceTree = "<group>";
		};
		5ED942381CF1DB8C00E62B7A /* Every */ = {
			isa = PBXGroup;
			children = (
				5ED942391CF1DB8C00E62B7A /* ArrayExtension.swift */,
				5ED9423A1CF1DB8C00E62B7A /* Every.swift */,
				5ED9423B1CF1DB8C00E62B7A /* NSDateComponentsExtensions.swift */,
				5ED9423C1CF1DB8C00E62B7A /* TimerManageableProtocol.swift */,
			);
			name = Every;
			path = src;
			sourceTree = "<group>";
		};
		5EE6133C1CE8C3E200DB046C = {
			isa = PBXGroup;
			children = (
				5EE613471CE8C3E300DB046C /* KazakhHistory */,
				5EE6135F1CE8C3E300DB046C /* KazakhHistoryTests */,
				5EE6136A1CE8C3E300DB046C /* KazakhHistoryUITests */,
				5EE613461CE8C3E200DB046C /* Products */,
				76CE6CF800565886294AED5A /* Pods */,
				EE647B0F2C9C60BDF2FF82B0 /* Frameworks */,
			);
			sourceTree = "<group>";
		};
		5EE613461CE8C3E200DB046C /* Products */ = {
			isa = PBXGroup;
			children = (
				5EE613451CE8C3E200DB046C /* KazakhHistory.app */,
				5EE6135C1CE8C3E300DB046C /* KazakhHistoryTests.xctest */,
				5EE613671CE8C3E300DB046C /* KazakhHistoryUITests.xctest */,
			);
			name = Products;
			sourceTree = "<group>";
		};
		5EE613471CE8C3E300DB046C /* KazakhHistory */ = {
			isa = PBXGroup;
			children = (
				5ED942371CF1DB8300E62B7A /* Extensions */,
				5ED9422E1CF1D08F00E62B7A /* Models */,
				5ED9422D1CF1D08800E62B7A /* Views */,
				5ED9422C1CF1D07C00E62B7A /* Controllers */,
				5ED9422B1CF1D05B00E62B7A /* Assets */,
			);
			path = KazakhHistory;
			sourceTree = "<group>";
		};
		5EE6135F1CE8C3E300DB046C /* KazakhHistoryTests */ = {
			isa = PBXGroup;
			children = (
				5EE613601CE8C3E300DB046C /* KazakhHistoryTests.swift */,
				5EE613621CE8C3E300DB046C /* Info.plist */,
			);
			path = KazakhHistoryTests;
			sourceTree = "<group>";
		};
		5EE6136A1CE8C3E300DB046C /* KazakhHistoryUITests */ = {
			isa = PBXGroup;
			children = (
				5EE6136B1CE8C3E300DB046C /* KazakhHistoryUITests.swift */,
				5EE6136D1CE8C3E300DB046C /* Info.plist */,
			);
			path = KazakhHistoryUITests;
			sourceTree = "<group>";
		};
		76CE6CF800565886294AED5A /* Pods */ = {
			isa = PBXGroup;
			children = (
				C180CCB867D6FCC044F1B316 /* Pods-KazakhHistory.debug.xcconfig */,
				49B40EB48A28492CD1F31CE9 /* Pods-KazakhHistory.release.xcconfig */,
			);
			name = Pods;
			sourceTree = "<group>";
		};
		EE647B0F2C9C60BDF2FF82B0 /* Frameworks */ = {
			isa = PBXGroup;
			children = (
				0BDEBD6139A3BD2DD71B9D90 /* Pods_KazakhHistory.framework */,
			);
			name = Frameworks;
			sourceTree = "<group>";
		};
/* End PBXGroup section */

/* Begin PBXNativeTarget section */
		5EE613441CE8C3E200DB046C /* KazakhHistory */ = {
			isa = PBXNativeTarget;
			buildConfigurationList = 5EE613701CE8C3E300DB046C /* Build configuration list for PBXNativeTarget "KazakhHistory" */;
			buildPhases = (
				5744AF6E22FA29286EE176C4 /* 📦 Check Pods Manifest.lock */,
				5EE613411CE8C3E200DB046C /* Sources */,
				5EE613421CE8C3E200DB046C /* Frameworks */,
				5EE613431CE8C3E200DB046C /* Resources */,
				3A062D0D4BEC5373A505813E /* 📦 Embed Pods Frameworks */,
				3A297AA8411C6AAE2FE0EEEB /* 📦 Copy Pods Resources */,
			);
			buildRules = (
			);
			dependencies = (
			);
			name = KazakhHistory;
			productName = KazakhHistory;
			productReference = 5EE613451CE8C3E200DB046C /* KazakhHistory.app */;
			productType = "com.apple.product-type.application";
		};
		5EE6135B1CE8C3E300DB046C /* KazakhHistoryTests */ = {
			isa = PBXNativeTarget;
			buildConfigurationList = 5EE613731CE8C3E300DB046C /* Build configuration list for PBXNativeTarget "KazakhHistoryTests" */;
			buildPhases = (
				5EE613581CE8C3E300DB046C /* Sources */,
				5EE613591CE8C3E300DB046C /* Frameworks */,
				5EE6135A1CE8C3E300DB046C /* Resources */,
			);
			buildRules = (
			);
			dependencies = (
				5EE6135E1CE8C3E300DB046C /* PBXTargetDependency */,
			);
			name = KazakhHistoryTests;
			productName = KazakhHistoryTests;
			productReference = 5EE6135C1CE8C3E300DB046C /* KazakhHistoryTests.xctest */;
			productType = "com.apple.product-type.bundle.unit-test";
		};
		5EE613661CE8C3E300DB046C /* KazakhHistoryUITests */ = {
			isa = PBXNativeTarget;
			buildConfigurationList = 5EE613761CE8C3E300DB046C /* Build configuration list for PBXNativeTarget "KazakhHistoryUITests" */;
			buildPhases = (
				5EE613631CE8C3E300DB046C /* Sources */,
				5EE613641CE8C3E300DB046C /* Frameworks */,
				5EE613651CE8C3E300DB046C /* Resources */,
			);
			buildRules = (
			);
			dependencies = (
				5EE613691CE8C3E300DB046C /* PBXTargetDependency */,
			);
			name = KazakhHistoryUITests;
			productName = KazakhHistoryUITests;
			productReference = 5EE613671CE8C3E300DB046C /* KazakhHistoryUITests.xctest */;
			productType = "com.apple.product-type.bundle.ui-testing";
		};
/* End PBXNativeTarget section */

/* Begin PBXProject section */
		5EE6133D1CE8C3E200DB046C /* Project object */ = {
			isa = PBXProject;
			attributes = {
				LastSwiftUpdateCheck = 0730;
				LastUpgradeCheck = 0730;
				ORGANIZATIONNAME = "Kenes Inc.";
				TargetAttributes = {
					5EE613441CE8C3E200DB046C = {
						CreatedOnToolsVersion = 7.3.1;
					};
					5EE6135B1CE8C3E300DB046C = {
						CreatedOnToolsVersion = 7.3.1;
						TestTargetID = 5EE613441CE8C3E200DB046C;
					};
					5EE613661CE8C3E300DB046C = {
						CreatedOnToolsVersion = 7.3.1;
						TestTargetID = 5EE613441CE8C3E200DB046C;
					};
				};
			};
			buildConfigurationList = 5EE613401CE8C3E200DB046C /* Build configuration list for PBXProject "KazakhHistory" */;
			compatibilityVersion = "Xcode 3.2";
			developmentRegion = English;
			hasScannedForEncodings = 0;
			knownRegions = (
				en,
				Base,
			);
			mainGroup = 5EE6133C1CE8C3E200DB046C;
			productRefGroup = 5EE613461CE8C3E200DB046C /* Products */;
			projectDirPath = "";
			projectRoot = "";
			targets = (
				5EE613441CE8C3E200DB046C /* KazakhHistory */,
				5EE6135B1CE8C3E300DB046C /* KazakhHistoryTests */,
				5EE613661CE8C3E300DB046C /* KazakhHistoryUITests */,
			);
		};
/* End PBXProject section */

/* Begin PBXResourcesBuildPhase section */
		5EE613431CE8C3E200DB046C /* Resources */ = {
			isa = PBXResourcesBuildPhase;
			buildActionMask = 2147483647;
			files = (
				5E16721D1CF24AC80081292C /* batyr.JPG in Resources */,
				5EE613561CE8C3E300DB046C /* LaunchScreen.storyboard in Resources */,
				5ED942421CF1E03B00E62B7A /* logo.png in Resources */,
				5EE613531CE8C3E300DB046C /* Assets.xcassets in Resources */,
				5EE6134E1CE8C3E300DB046C /* Main.storyboard in Resources */,
				5ED942361CF1D97E00E62B7A /* bata.png in Resources */,
			);
			runOnlyForDeploymentPostprocessing = 0;
		};
		5EE6135A1CE8C3E300DB046C /* Resources */ = {
			isa = PBXResourcesBuildPhase;
			buildActionMask = 2147483647;
			files = (
			);
			runOnlyForDeploymentPostprocessing = 0;
		};
		5EE613651CE8C3E300DB046C /* Resources */ = {
			isa = PBXResourcesBuildPhase;
			buildActionMask = 2147483647;
			files = (
			);
			runOnlyForDeploymentPostprocessing = 0;
		};
/* End PBXResourcesBuildPhase section */

/* Begin PBXShellScriptBuildPhase section */
		3A062D0D4BEC5373A505813E /* 📦 Embed Pods Frameworks */ = {
			isa = PBXShellScriptBuildPhase;
			buildActionMask = 2147483647;
			files = (
			);
			inputPaths = (
			);
			name = "📦 Embed Pods Frameworks";
			outputPaths = (
			);
			runOnlyForDeploymentPostprocessing = 0;
			shellPath = /bin/sh;
			shellScript = "\"${SRCROOT}/Pods/Target Support Files/Pods-KazakhHistory/Pods-KazakhHistory-frameworks.sh\"\n";
			showEnvVarsInLog = 0;
		};
		3A297AA8411C6AAE2FE0EEEB /* 📦 Copy Pods Resources */ = {
			isa = PBXShellScriptBuildPhase;
			buildActionMask = 2147483647;
			files = (
			);
			inputPaths = (
			);
			name = "📦 Copy Pods Resources";
			outputPaths = (
			);
			runOnlyForDeploymentPostprocessing = 0;
			shellPath = /bin/sh;
			shellScript = "\"${SRCROOT}/Pods/Target Support Files/Pods-KazakhHistory/Pods-KazakhHistory-resources.sh\"\n";
			showEnvVarsInLog = 0;
		};
		5744AF6E22FA29286EE176C4 /* 📦 Check Pods Manifest.lock */ = {
			isa = PBXShellScriptBuildPhase;
			buildActionMask = 2147483647;
			files = (
			);
			inputPaths = (
			);
			name = "📦 Check Pods Manifest.lock";
			outputPaths = (
			);
			runOnlyForDeploymentPostprocessing = 0;
			shellPath = /bin/sh;
			shellScript = "diff \"${PODS_ROOT}/../Podfile.lock\" \"${PODS_ROOT}/Manifest.lock\" > /dev/null\nif [[ $? != 0 ]] ; then\n    cat << EOM\nerror: The sandbox is not in sync with the Podfile.lock. Run 'pod install' or update your CocoaPods installation.\nEOM\n    exit 1\nfi\n";
			showEnvVarsInLog = 0;
		};
/* End PBXShellScriptBuildPhase section */

/* Begin PBXSourcesBuildPhase section */
		5EE613411CE8C3E200DB046C /* Sources */ = {
			isa = PBXSourcesBuildPhase;
			buildActionMask = 2147483647;
			files = (
				5E7AF9971CF22A5600AA99F7 /* OptionCollectionViewCell.swift in Sources */,
				5ED942401CF1DB8C00E62B7A /* TimerManageableProtocol.swift in Sources */,
				5E5C5FCC1D04713A0021DF8A /* GroupView.swift in Sources */,
				5E7AF9951CF2289000AA99F7 /* QuizViewController.swift in Sources */,
				5ED9423D1CF1DB8C00E62B7A /* ArrayExtension.swift in Sources */,
				5ED9423E1CF1DB8C00E62B7A /* Every.swift in Sources */,
				5E1672231CF2BA3D0081292C /* FontAvenir.swift in Sources */,
				5EE613511CE8C3E300DB046C /* KazakhHistory.xcdatamodeld in Sources */,
				5E5C5FCE1D048D5A0021DF8A /* AboutUsViewController.swift in Sources */,
				5ED9423F1CF1DB8C00E62B7A /* NSDateComponentsExtensions.swift in Sources */,
				5E7AF9931CF2245000AA99F7 /* UIColor+Tints.swift in Sources */,
				5EE6134B1CE8C3E300DB046C /* ViewController.swift in Sources */,
				5EE613491CE8C3E300DB046C /* AppDelegate.swift in Sources */,
				5E1672211CF25E1F0081292C /* SettingsViewController.swift in Sources */,
				5E16721F1CF25E120081292C /* LeaderboardViewController.swift in Sources */,
				5ED942301CF1D23800E62B7A /* MenuViewController.swift in Sources */,
			);
			runOnlyForDeploymentPostprocessing = 0;
		};
		5EE613581CE8C3E300DB046C /* Sources */ = {
			isa = PBXSourcesBuildPhase;
			buildActionMask = 2147483647;
			files = (
				5EE613611CE8C3E300DB046C /* KazakhHistoryTests.swift in Sources */,
			);
			runOnlyForDeploymentPostprocessing = 0;
		};
		5EE613631CE8C3E300DB046C /* Sources */ = {
			isa = PBXSourcesBuildPhase;
			buildActionMask = 2147483647;
			files = (
				5EE6136C1CE8C3E300DB046C /* KazakhHistoryUITests.swift in Sources */,
			);
			runOnlyForDeploymentPostprocessing = 0;
		};
/* End PBXSourcesBuildPhase section */

/* Begin PBXTargetDependency section */
		5EE6135E1CE8C3E300DB046C /* PBXTargetDependency */ = {
			isa = PBXTargetDependency;
			target = 5EE613441CE8C3E200DB046C /* KazakhHistory */;
			targetProxy = 5EE6135D1CE8C3E300DB046C /* PBXContainerItemProxy */;
		};
		5EE613691CE8C3E300DB046C /* PBXTargetDependency */ = {
			isa = PBXTargetDependency;
			target = 5EE613441CE8C3E200DB046C /* KazakhHistory */;
			targetProxy = 5EE613681CE8C3E300DB046C /* PBXContainerItemProxy */;
		};
/* End PBXTargetDependency section */

/* Begin PBXVariantGroup section */
		5EE6134C1CE8C3E300DB046C /* Main.storyboard */ = {
			isa = PBXVariantGroup;
			children = (
				5EE6134D1CE8C3E300DB046C /* Base */,
			);
			name = Main.storyboard;
			sourceTree = "<group>";
		};
		5EE613541CE8C3E300DB046C /* LaunchScreen.storyboard */ = {
			isa = PBXVariantGroup;
			children = (
				5EE613551CE8C3E300DB046C /* Base */,
			);
			name = LaunchScreen.storyboard;
			sourceTree = "<group>";
		};
/* End PBXVariantGroup section */

/* Begin XCBuildConfiguration section */
		5EE6136E1CE8C3E300DB046C /* Debug */ = {
			isa = XCBuildConfiguration;
			buildSettings = {
				ALWAYS_SEARCH_USER_PATHS = NO;
				CLANG_ANALYZER_NONNULL = YES;
				CLANG_CXX_LANGUAGE_STANDARD = "gnu++0x";
				CLANG_CXX_LIBRARY = "libc++";
				CLANG_ENABLE_MODULES = YES;
				CLANG_ENABLE_OBJC_ARC = YES;
				CLANG_WARN_BOOL_CONVERSION = YES;
				CLANG_WARN_CONSTANT_CONVERSION = YES;
				CLANG_WARN_DIRECT_OBJC_ISA_USAGE = YES_ERROR;
				CLANG_WARN_EMPTY_BODY = YES;
				CLANG_WARN_ENUM_CONVERSION = YES;
				CLANG_WARN_INT_CONVERSION = YES;
				CLANG_WARN_OBJC_ROOT_CLASS = YES_ERROR;
				CLANG_WARN_UNREACHABLE_CODE = YES;
				CLANG_WARN__DUPLICATE_METHOD_MATCH = YES;
				"CODE_SIGN_IDENTITY[sdk=iphoneos*]" = "iPhone Developer";
				COPY_PHASE_STRIP = NO;
				DEBUG_INFORMATION_FORMAT = dwarf;
				ENABLE_STRICT_OBJC_MSGSEND = YES;
				ENABLE_TESTABILITY = YES;
				GCC_C_LANGUAGE_STANDARD = gnu99;
				GCC_DYNAMIC_NO_PIC = NO;
				GCC_NO_COMMON_BLOCKS = YES;
				GCC_OPTIMIZATION_LEVEL = 0;
				GCC_PREPROCESSOR_DEFINITIONS = (
					"DEBUG=1",
					"$(inherited)",
				);
				GCC_WARN_64_TO_32_BIT_CONVERSION = YES;
				GCC_WARN_ABOUT_RETURN_TYPE = YES_ERROR;
				GCC_WARN_UNDECLARED_SELECTOR = YES;
				GCC_WARN_UNINITIALIZED_AUTOS = YES_AGGRESSIVE;
				GCC_WARN_UNUSED_FUNCTION = YES;
				GCC_WARN_UNUSED_VARIABLE = YES;
				IPHONEOS_DEPLOYMENT_TARGET = 9.3;
				MTL_ENABLE_DEBUG_INFO = YES;
				ONLY_ACTIVE_ARCH = YES;
				SDKROOT = iphoneos;
				SWIFT_OPTIMIZATION_LEVEL = "-Onone";
				TARGETED_DEVICE_FAMILY = "1,2";
			};
			name = Debug;
		};
		5EE6136F1CE8C3E300DB046C /* Release */ = {
			isa = XCBuildConfiguration;
			buildSettings = {
				ALWAYS_SEARCH_USER_PATHS = NO;
				CLANG_ANALYZER_NONNULL = YES;
				CLANG_CXX_LANGUAGE_STANDARD = "gnu++0x";
				CLANG_CXX_LIBRARY = "libc++";
				CLANG_ENABLE_MODULES = YES;
				CLANG_ENABLE_OBJC_ARC = YES;
				CLANG_WARN_BOOL_CONVERSION = YES;
				CLANG_WARN_CONSTANT_CONVERSION = YES;
				CLANG_WARN_DIRECT_OBJC_ISA_USAGE = YES_ERROR;
				CLANG_WARN_EMPTY_BODY = YES;
				CLANG_WARN_ENUM_CONVERSION = YES;
				CLANG_WARN_INT_CONVERSION = YES;
				CLANG_WARN_OBJC_ROOT_CLASS = YES_ERROR;
				CLANG_WARN_UNREACHABLE_CODE = YES;
				CLANG_WARN__DUPLICATE_METHOD_MATCH = YES;
				"CODE_SIGN_IDENTITY[sdk=iphoneos*]" = "iPhone Developer";
				COPY_PHASE_STRIP = NO;
				DEBUG_INFORMATION_FORMAT = "dwarf-with-dsym";
				ENABLE_NS_ASSERTIONS = NO;
				ENABLE_STRICT_OBJC_MSGSEND = YES;
				GCC_C_LANGUAGE_STANDARD = gnu99;
				GCC_NO_COMMON_BLOCKS = YES;
				GCC_WARN_64_TO_32_BIT_CONVERSION = YES;
				GCC_WARN_ABOUT_RETURN_TYPE = YES_ERROR;
				GCC_WARN_UNDECLARED_SELECTOR = YES;
				GCC_WARN_UNINITIALIZED_AUTOS = YES_AGGRESSIVE;
				GCC_WARN_UNUSED_FUNCTION = YES;
				GCC_WARN_UNUSED_VARIABLE = YES;
				IPHONEOS_DEPLOYMENT_TARGET = 9.3;
				MTL_ENABLE_DEBUG_INFO = NO;
				SDKROOT = iphoneos;
				TARGETED_DEVICE_FAMILY = "1,2";
				VALIDATE_PRODUCT = YES;
			};
			name = Release;
		};
		5EE613711CE8C3E300DB046C /* Debug */ = {
			isa = XCBuildConfiguration;
			baseConfigurationReference = C180CCB867D6FCC044F1B316 /* Pods-KazakhHistory.debug.xcconfig */;
			buildSettings = {
				ASSETCATALOG_COMPILER_APPICON_NAME = AppIcon;
				INFOPLIST_FILE = KazakhHistory/Info.plist;
				LD_RUNPATH_SEARCH_PATHS = "$(inherited) @executable_path/Frameworks";
				PRODUCT_BUNDLE_IDENTIFIER = kz.KazakhHistory;
				PRODUCT_NAME = "$(TARGET_NAME)";
			};
			name = Debug;
		};
		5EE613721CE8C3E300DB046C /* Release */ = {
			isa = XCBuildConfiguration;
			baseConfigurationReference = 49B40EB48A28492CD1F31CE9 /* Pods-KazakhHistory.release.xcconfig */;
			buildSettings = {
				ASSETCATALOG_COMPILER_APPICON_NAME = AppIcon;
				INFOPLIST_FILE = KazakhHistory/Info.plist;
				LD_RUNPATH_SEARCH_PATHS = "$(inherited) @executable_path/Frameworks";
				PRODUCT_BUNDLE_IDENTIFIER = kz.KazakhHistory;
				PRODUCT_NAME = "$(TARGET_NAME)";
			};
			name = Release;
		};
		5EE613741CE8C3E300DB046C /* Debug */ = {
			isa = XCBuildConfiguration;
			buildSettings = {
				BUNDLE_LOADER = "$(TEST_HOST)";
				INFOPLIST_FILE = KazakhHistoryTests/Info.plist;
				LD_RUNPATH_SEARCH_PATHS = "$(inherited) @executable_path/Frameworks @loader_path/Frameworks";
				PRODUCT_BUNDLE_IDENTIFIER = kz.KazakhHistoryTests;
				PRODUCT_NAME = "$(TARGET_NAME)";
				TEST_HOST = "$(BUILT_PRODUCTS_DIR)/KazakhHistory.app/KazakhHistory";
			};
			name = Debug;
		};
		5EE613751CE8C3E300DB046C /* Release */ = {
			isa = XCBuildConfiguration;
			buildSettings = {
				BUNDLE_LOADER = "$(TEST_HOST)";
				INFOPLIST_FILE = KazakhHistoryTests/Info.plist;
				LD_RUNPATH_SEARCH_PATHS = "$(inherited) @executable_path/Frameworks @loader_path/Frameworks";
				PRODUCT_BUNDLE_IDENTIFIER = kz.KazakhHistoryTests;
				PRODUCT_NAME = "$(TARGET_NAME)";
				TEST_HOST = "$(BUILT_PRODUCTS_DIR)/KazakhHistory.app/KazakhHistory";
			};
			name = Release;
		};
		5EE613771CE8C3E300DB046C /* Debug */ = {
			isa = XCBuildConfiguration;
			buildSettings = {
				INFOPLIST_FILE = KazakhHistoryUITests/Info.plist;
				LD_RUNPATH_SEARCH_PATHS = "$(inherited) @executable_path/Frameworks @loader_path/Frameworks";
				PRODUCT_BUNDLE_IDENTIFIER = kz.KazakhHistoryUITests;
				PRODUCT_NAME = "$(TARGET_NAME)";
				TEST_TARGET_NAME = KazakhHistory;
			};
			name = Debug;
		};
		5EE613781CE8C3E300DB046C /* Release */ = {
			isa = XCBuildConfiguration;
			buildSettings = {
				INFOPLIST_FILE = KazakhHistoryUITests/Info.plist;
				LD_RUNPATH_SEARCH_PATHS = "$(inherited) @executable_path/Frameworks @loader_path/Frameworks";
				PRODUCT_BUNDLE_IDENTIFIER = kz.KazakhHistoryUITests;
				PRODUCT_NAME = "$(TARGET_NAME)";
				TEST_TARGET_NAME = KazakhHistory;
			};
			name = Release;
		};
/* End XCBuildConfiguration section */

/* Begin XCConfigurationList section */
		5EE613401CE8C3E200DB046C /* Build configuration list for PBXProject "KazakhHistory" */ = {
			isa = XCConfigurationList;
			buildConfigurations = (
				5EE6136E1CE8C3E300DB046C /* Debug */,
				5EE6136F1CE8C3E300DB046C /* Release */,
			);
			defaultConfigurationIsVisible = 0;
			defaultConfigurationName = Release;
		};
		5EE613701CE8C3E300DB046C /* Build configuration list for PBXNativeTarget "KazakhHistory" */ = {
			isa = XCConfigurationList;
			buildConfigurations = (
				5EE613711CE8C3E300DB046C /* Debug */,
				5EE613721CE8C3E300DB046C /* Release */,
			);
			defaultConfigurationIsVisible = 0;
			defaultConfigurationName = Release;
		};
		5EE613731CE8C3E300DB046C /* Build configuration list for PBXNativeTarget "KazakhHistoryTests" */ = {
			isa = XCConfigurationList;
			buildConfigurations = (
				5EE613741CE8C3E300DB046C /* Debug */,
				5EE613751CE8C3E300DB046C /* Release */,
			);
			defaultConfigurationIsVisible = 0;
			defaultConfigurationName = Release;
		};
		5EE613761CE8C3E300DB046C /* Build configuration list for PBXNativeTarget "KazakhHistoryUITests" */ = {
			isa = XCConfigurationList;
			buildConfigurations = (
				5EE613771CE8C3E300DB046C /* Debug */,
				5EE613781CE8C3E300DB046C /* Release */,
			);
			defaultConfigurationIsVisible = 0;
			defaultConfigurationName = Release;
		};
/* End XCConfigurationList section */

/* Begin XCVersionGroup section */
		5EE6134F1CE8C3E300DB046C /* KazakhHistory.xcdatamodeld */ = {
			isa = XCVersionGroup;
			children = (
				5EE613501CE8C3E300DB046C /* KazakhHistory.xcdatamodel */,
			);
			currentVersion = 5EE613501CE8C3E300DB046C /* KazakhHistory.xcdatamodel */;
			path = KazakhHistory.xcdatamodeld;
			sourceTree = "<group>";
			versionGroupType = wrapper.xcdatamodel;
		};
/* End XCVersionGroup section */
	};
	rootObject = 5EE6133D1CE8C3E200DB046C /* Project object */;
}
